// !$*UTF8*$!
{
	archiveVersion = 1;
	classes = {
	};
	objectVersion = 56;
	objects = {

/* Begin PBXBuildFile section */
		1A22102C2C81601B009A1383 /* make.swift in Sources */ = {isa = PBXBuildFile; fileRef = 1A22102B2C81601B009A1383 /* make.swift */; };
		1A6E96692C808F68005E61FC /* AboutView.swift in Sources */ = {isa = PBXBuildFile; fileRef = 1A6E96682C808F68005E61FC /* AboutView.swift */; };
		1A6E966A2C808F68005E61FC /* AboutView.swift in Sources */ = {isa = PBXBuildFile; fileRef = 1A6E96682C808F68005E61FC /* AboutView.swift */; };
		1A6E966B2C808F68005E61FC /* AboutView.swift in Sources */ = {isa = PBXBuildFile; fileRef = 1A6E96682C808F68005E61FC /* AboutView.swift */; };
		1A6E966D2C80949C005E61FC /* MenuBar.swift in Sources */ = {isa = PBXBuildFile; fileRef = 1A6E966C2C80949C005E61FC /* MenuBar.swift */; };
		1A6E966E2C80949C005E61FC /* MenuBar.swift in Sources */ = {isa = PBXBuildFile; fileRef = 1A6E966C2C80949C005E61FC /* MenuBar.swift */; };
		1A6E966F2C80949C005E61FC /* MenuBar.swift in Sources */ = {isa = PBXBuildFile; fileRef = 1A6E966C2C80949C005E61FC /* MenuBar.swift */; };
		1A6E96752C80CC5E005E61FC /* AS.swift in Sources */ = {isa = PBXBuildFile; fileRef = 1A6E96742C80CC5E005E61FC /* AS.swift */; };
		1A6E96762C80CC5E005E61FC /* AS.swift in Sources */ = {isa = PBXBuildFile; fileRef = 1A6E96742C80CC5E005E61FC /* AS.swift */; };
		1A6E96772C80CC5E005E61FC /* AS.swift in Sources */ = {isa = PBXBuildFile; fileRef = 1A6E96742C80CC5E005E61FC /* AS.swift */; };
		1A80CE0A2C807DFB005DF806 /* MakeGUIApp.swift in Sources */ = {isa = PBXBuildFile; fileRef = 1A80CE092C807DFB005DF806 /* MakeGUIApp.swift */; };
		1A80CE0C2C807DFB005DF806 /* ContentView.swift in Sources */ = {isa = PBXBuildFile; fileRef = 1A80CE0B2C807DFB005DF806 /* ContentView.swift */; };
		1A80CE0E2C807E01005DF806 /* Assets.xcassets in Resources */ = {isa = PBXBuildFile; fileRef = 1A80CE0D2C807E01005DF806 /* Assets.xcassets */; };
		1A80CE112C807E01005DF806 /* Preview Assets.xcassets in Resources */ = {isa = PBXBuildFile; fileRef = 1A80CE102C807E01005DF806 /* Preview Assets.xcassets */; };
		1A80CE1C2C807E01005DF806 /* MakeGUITests.swift in Sources */ = {isa = PBXBuildFile; fileRef = 1A80CE1B2C807E01005DF806 /* MakeGUITests.swift */; };
		1A80CE262C807E02005DF806 /* MakeGUIUITests.swift in Sources */ = {isa = PBXBuildFile; fileRef = 1A80CE252C807E02005DF806 /* MakeGUIUITests.swift */; };
		1A80CE282C807E02005DF806 /* MakeGUIUITestsLaunchTests.swift in Sources */ = {isa = PBXBuildFile; fileRef = 1A80CE272C807E02005DF806 /* MakeGUIUITestsLaunchTests.swift */; };
/* End PBXBuildFile section */

/* Begin PBXContainerItemProxy section */
		1A80CE182C807E01005DF806 /* PBXContainerItemProxy */ = {
			isa = PBXContainerItemProxy;
			containerPortal = 1A80CDFE2C807DFB005DF806 /* Project object */;
			proxyType = 1;
			remoteGlobalIDString = 1A80CE052C807DFB005DF806;
			remoteInfo = MakeGUI;
		};
		1A80CE222C807E02005DF806 /* PBXContainerItemProxy */ = {
			isa = PBXContainerItemProxy;
			containerPortal = 1A80CDFE2C807DFB005DF806 /* Project object */;
			proxyType = 1;
			remoteGlobalIDString = 1A80CE052C807DFB005DF806;
			remoteInfo = MakeGUI;
		};
/* End PBXContainerItemProxy section */

/* Begin PBXFileReference section */
		1A22102B2C81601B009A1383 /* make.swift */ = {isa = PBXFileReference; lastKnownFileType = sourcecode.swift; path = make.swift; sourceTree = "<group>"; };
		1A6E96682C808F68005E61FC /* AboutView.swift */ = {isa = PBXFileReference; lastKnownFileType = sourcecode.swift; path = AboutView.swift; sourceTree = "<group>"; };
		1A6E966C2C80949C005E61FC /* MenuBar.swift */ = {isa = PBXFileReference; lastKnownFileType = sourcecode.swift; path = MenuBar.swift; sourceTree = "<group>"; };
		1A6E96742C80CC5E005E61FC /* AS.swift */ = {isa = PBXFileReference; fileEncoding = 4; lastKnownFileType = sourcecode.swift; path = AS.swift; sourceTree = "<group>"; };
		1A80CE062C807DFB005DF806 /* MakeGUI.app */ = {isa = PBXFileReference; explicitFileType = wrapper.application; includeInIndex = 0; path = MakeGUI.app; sourceTree = BUILT_PRODUCTS_DIR; };
		1A80CE092C807DFB005DF806 /* MakeGUIApp.swift */ = {isa = PBXFileReference; lastKnownFileType = sourcecode.swift; path = MakeGUIApp.swift; sourceTree = "<group>"; };
		1A80CE0B2C807DFB005DF806 /* ContentView.swift */ = {isa = PBXFileReference; lastKnownFileType = sourcecode.swift; path = ContentView.swift; sourceTree = "<group>"; };
		1A80CE0D2C807E01005DF806 /* Assets.xcassets */ = {isa = PBXFileReference; lastKnownFileType = folder.assetcatalog; path = Assets.xcassets; sourceTree = "<group>"; };
		1A80CE102C807E01005DF806 /* Preview Assets.xcassets */ = {isa = PBXFileReference; lastKnownFileType = folder.assetcatalog; path = "Preview Assets.xcassets"; sourceTree = "<group>"; };
		1A80CE122C807E01005DF806 /* MakeGUI.entitlements */ = {isa = PBXFileReference; lastKnownFileType = text.plist.entitlements; path = MakeGUI.entitlements; sourceTree = "<group>"; };
		1A80CE172C807E01005DF806 /* MakeGUITests.xctest */ = {isa = PBXFileReference; explicitFileType = wrapper.cfbundle; includeInIndex = 0; path = MakeGUITests.xctest; sourceTree = BUILT_PRODUCTS_DIR; };
		1A80CE1B2C807E01005DF806 /* MakeGUITests.swift */ = {isa = PBXFileReference; lastKnownFileType = sourcecode.swift; path = MakeGUITests.swift; sourceTree = "<group>"; };
		1A80CE212C807E02005DF806 /* MakeGUIUITests.xctest */ = {isa = PBXFileReference; explicitFileType = wrapper.cfbundle; includeInIndex = 0; path = MakeGUIUITests.xctest; sourceTree = BUILT_PRODUCTS_DIR; };
		1A80CE252C807E02005DF806 /* MakeGUIUITests.swift */ = {isa = PBXFileReference; lastKnownFileType = sourcecode.swift; path = MakeGUIUITests.swift; sourceTree = "<group>"; };
		1A80CE272C807E02005DF806 /* MakeGUIUITestsLaunchTests.swift */ = {isa = PBXFileReference; lastKnownFileType = sourcecode.swift; path = MakeGUIUITestsLaunchTests.swift; sourceTree = "<group>"; };
		1AA4F46F2C814EE500AEDE8D /* Info.plist */ = {isa = PBXFileReference; lastKnownFileType = text.plist; path = Info.plist; sourceTree = "<group>"; };
/* End PBXFileReference section */

/* Begin PBXFrameworksBuildPhase section */
		1A80CE032C807DFB005DF806 /* Frameworks */ = {
			isa = PBXFrameworksBuildPhase;
			buildActionMask = 2147483647;
			files = (
			);
			runOnlyForDeploymentPostprocessing = 0;
		};
		1A80CE142C807E01005DF806 /* Frameworks */ = {
			isa = PBXFrameworksBuildPhase;
			buildActionMask = 2147483647;
			files = (
			);
			runOnlyForDeploymentPostprocessing = 0;
		};
		1A80CE1E2C807E02005DF806 /* Frameworks */ = {
			isa = PBXFrameworksBuildPhase;
			buildActionMask = 2147483647;
			files = (
			);
			runOnlyForDeploymentPostprocessing = 0;
		};
/* End PBXFrameworksBuildPhase section */

/* Begin PBXGroup section */
		1A80CDFD2C807DFB005DF806 = {
			isa = PBXGroup;
			children = (
				1A80CE082C807DFB005DF806 /* MakeGUI */,
				1A80CE1A2C807E01005DF806 /* MakeGUITests */,
				1A80CE242C807E02005DF806 /* MakeGUIUITests */,
				1A80CE072C807DFB005DF806 /* Products */,
			);
			sourceTree = "<group>";
		};
		1A80CE072C807DFB005DF806 /* Products */ = {
			isa = PBXGroup;
			children = (
				1A80CE062C807DFB005DF806 /* MakeGUI.app */,
				1A80CE172C807E01005DF806 /* MakeGUITests.xctest */,
				1A80CE212C807E02005DF806 /* MakeGUIUITests.xctest */,
			);
			name = Products;
			sourceTree = "<group>";
		};
		1A80CE082C807DFB005DF806 /* MakeGUI */ = {
			isa = PBXGroup;
			children = (
				1AA4F46F2C814EE500AEDE8D /* Info.plist */,
				1A6E96742C80CC5E005E61FC /* AS.swift */,
				1A80CE092C807DFB005DF806 /* MakeGUIApp.swift */,
				1A80CE0B2C807DFB005DF806 /* ContentView.swift */,
				1A80CE0D2C807E01005DF806 /* Assets.xcassets */,
				1A80CE122C807E01005DF806 /* MakeGUI.entitlements */,
				1A80CE0F2C807E01005DF806 /* Preview Content */,
				1A6E96682C808F68005E61FC /* AboutView.swift */,
				1A6E966C2C80949C005E61FC /* MenuBar.swift */,
				1A22102B2C81601B009A1383 /* make.swift */,
			);
			path = MakeGUI;
			sourceTree = "<group>";
		};
		1A80CE0F2C807E01005DF806 /* Preview Content */ = {
			isa = PBXGroup;
			children = (
				1A80CE102C807E01005DF806 /* Preview Assets.xcassets */,
			);
			path = "Preview Content";
			sourceTree = "<group>";
		};
		1A80CE1A2C807E01005DF806 /* MakeGUITests */ = {
			isa = PBXGroup;
			children = (
				1A80CE1B2C807E01005DF806 /* MakeGUITests.swift */,
			);
			path = MakeGUITests;
			sourceTree = "<group>";
		};
		1A80CE242C807E02005DF806 /* MakeGUIUITests */ = {
			isa = PBXGroup;
			children = (
				1A80CE252C807E02005DF806 /* MakeGUIUITests.swift */,
				1A80CE272C807E02005DF806 /* MakeGUIUITestsLaunchTests.swift */,
			);
			path = MakeGUIUITests;
			sourceTree = "<group>";
		};
/* End PBXGroup section */

/* Begin PBXNativeTarget section */
		1A80CE052C807DFB005DF806 /* MakeGUI */ = {
			isa = PBXNativeTarget;
			buildConfigurationList = 1A80CE2B2C807E02005DF806 /* Build configuration list for PBXNativeTarget "MakeGUI" */;
			buildPhases = (
				1A80CE022C807DFB005DF806 /* Sources */,
				1A80CE032C807DFB005DF806 /* Frameworks */,
				1A80CE042C807DFB005DF806 /* Resources */,
			);
			buildRules = (
			);
			dependencies = (
			);
			name = MakeGUI;
			productName = MakeGUI;
			productReference = 1A80CE062C807DFB005DF806 /* MakeGUI.app */;
			productType = "com.apple.product-type.application";
		};
		1A80CE162C807E01005DF806 /* MakeGUITests */ = {
			isa = PBXNativeTarget;
			buildConfigurationList = 1A80CE2E2C807E02005DF806 /* Build configuration list for PBXNativeTarget "MakeGUITests" */;
			buildPhases = (
				1A80CE132C807E01005DF806 /* Sources */,
				1A80CE142C807E01005DF806 /* Frameworks */,
				1A80CE152C807E01005DF806 /* Resources */,
			);
			buildRules = (
			);
			dependencies = (
				1A80CE192C807E01005DF806 /* PBXTargetDependency */,
			);
			name = MakeGUITests;
			productName = MakeGUITests;
			productReference = 1A80CE172C807E01005DF806 /* MakeGUITests.xctest */;
			productType = "com.apple.product-type.bundle.unit-test";
		};
		1A80CE202C807E02005DF806 /* MakeGUIUITests */ = {
			isa = PBXNativeTarget;
			buildConfigurationList = 1A80CE312C807E02005DF806 /* Build configuration list for PBXNativeTarget "MakeGUIUITests" */;
			buildPhases = (
				1A80CE1D2C807E02005DF806 /* Sources */,
				1A80CE1E2C807E02005DF806 /* Frameworks */,
				1A80CE1F2C807E02005DF806 /* Resources */,
			);
			buildRules = (
			);
			dependencies = (
				1A80CE232C807E02005DF806 /* PBXTargetDependency */,
			);
			name = MakeGUIUITests;
			productName = MakeGUIUITests;
			productReference = 1A80CE212C807E02005DF806 /* MakeGUIUITests.xctest */;
			productType = "com.apple.product-type.bundle.ui-testing";
		};
/* End PBXNativeTarget section */

/* Begin PBXProject section */
		1A80CDFE2C807DFB005DF806 /* Project object */ = {
			isa = PBXProject;
			attributes = {
				BuildIndependentTargetsInParallel = 1;
				LastSwiftUpdateCheck = 1540;
				LastUpgradeCheck = 1540;
				TargetAttributes = {
					1A80CE052C807DFB005DF806 = {
						CreatedOnToolsVersion = 15.4;
					};
					1A80CE162C807E01005DF806 = {
						CreatedOnToolsVersion = 15.4;
						TestTargetID = 1A80CE052C807DFB005DF806;
					};
					1A80CE202C807E02005DF806 = {
						CreatedOnToolsVersion = 15.4;
						TestTargetID = 1A80CE052C807DFB005DF806;
					};
				};
			};
			buildConfigurationList = 1A80CE012C807DFB005DF806 /* Build configuration list for PBXProject "MakeGUI" */;
			compatibilityVersion = "Xcode 14.0";
			developmentRegion = en;
			hasScannedForEncodings = 0;
			knownRegions = (
				en,
				Base,
			);
			mainGroup = 1A80CDFD2C807DFB005DF806;
			productRefGroup = 1A80CE072C807DFB005DF806 /* Products */;
			projectDirPath = "";
			projectRoot = "";
			targets = (
				1A80CE052C807DFB005DF806 /* MakeGUI */,
				1A80CE162C807E01005DF806 /* MakeGUITests */,
				1A80CE202C807E02005DF806 /* MakeGUIUITests */,
			);
		};
/* End PBXProject section */

/* Begin PBXResourcesBuildPhase section */
		1A80CE042C807DFB005DF806 /* Resources */ = {
			isa = PBXResourcesBuildPhase;
			buildActionMask = 2147483647;
			files = (
				1A80CE112C807E01005DF806 /* Preview Assets.xcassets in Resources */,
				1A80CE0E2C807E01005DF806 /* Assets.xcassets in Resources */,
			);
			runOnlyForDeploymentPostprocessing = 0;
		};
		1A80CE152C807E01005DF806 /* Resources */ = {
			isa = PBXResourcesBuildPhase;
			buildActionMask = 2147483647;
			files = (
			);
			runOnlyForDeploymentPostprocessing = 0;
		};
		1A80CE1F2C807E02005DF806 /* Resources */ = {
			isa = PBXResourcesBuildPhase;
			buildActionMask = 2147483647;
			files = (
			);
			runOnlyForDeploymentPostprocessing = 0;
		};
/* End PBXResourcesBuildPhase section */

/* Begin PBXSourcesBuildPhase section */
		1A80CE022C807DFB005DF806 /* Sources */ = {
			isa = PBXSourcesBuildPhase;
			buildActionMask = 2147483647;
			files = (
				1A6E96692C808F68005E61FC /* AboutView.swift in Sources */,
				1A80CE0C2C807DFB005DF806 /* ContentView.swift in Sources */,
				1A80CE0A2C807DFB005DF806 /* MakeGUIApp.swift in Sources */,
				1A6E96752C80CC5E005E61FC /* AS.swift in Sources */,
				1A6E966D2C80949C005E61FC /* MenuBar.swift in Sources */,
				1A22102C2C81601B009A1383 /* make.swift in Sources */,
			);
			runOnlyForDeploymentPostprocessing = 0;
		};
		1A80CE132C807E01005DF806 /* Sources */ = {
			isa = PBXSourcesBuildPhase;
			buildActionMask = 2147483647;
			files = (
				1A6E966A2C808F68005E61FC /* AboutView.swift in Sources */,
				1A80CE1C2C807E01005DF806 /* MakeGUITests.swift in Sources */,
				1A6E966E2C80949C005E61FC /* MenuBar.swift in Sources */,
				1A6E96762C80CC5E005E61FC /* AS.swift in Sources */,
			);
			runOnlyForDeploymentPostprocessing = 0;
		};
		1A80CE1D2C807E02005DF806 /* Sources */ = {
			isa = PBXSourcesBuildPhase;
			buildActionMask = 2147483647;
			files = (
				1A80CE282C807E02005DF806 /* MakeGUIUITestsLaunchTests.swift in Sources */,
				1A6E966B2C808F68005E61FC /* AboutView.swift in Sources */,
				1A6E966F2C80949C005E61FC /* MenuBar.swift in Sources */,
				1A6E96772C80CC5E005E61FC /* AS.swift in Sources */,
				1A80CE262C807E02005DF806 /* MakeGUIUITests.swift in Sources */,
			);
			runOnlyForDeploymentPostprocessing = 0;
		};
/* End PBXSourcesBuildPhase section */

/* Begin PBXTargetDependency section */
		1A80CE192C807E01005DF806 /* PBXTargetDependency */ = {
			isa = PBXTargetDependency;
			target = 1A80CE052C807DFB005DF806 /* MakeGUI */;
			targetProxy = 1A80CE182C807E01005DF806 /* PBXContainerItemProxy */;
		};
		1A80CE232C807E02005DF806 /* PBXTargetDependency */ = {
			isa = PBXTargetDependency;
			target = 1A80CE052C807DFB005DF806 /* MakeGUI */;
			targetProxy = 1A80CE222C807E02005DF806 /* PBXContainerItemProxy */;
		};
/* End PBXTargetDependency section */

/* Begin XCBuildConfiguration section */
		1A80CE292C807E02005DF806 /* Debug */ = {
			isa = XCBuildConfiguration;
			buildSettings = {
				ALWAYS_SEARCH_USER_PATHS = NO;
				ASSETCATALOG_COMPILER_GENERATE_SWIFT_ASSET_SYMBOL_EXTENSIONS = YES;
				CLANG_ANALYZER_NONNULL = YES;
				CLANG_ANALYZER_NUMBER_OBJECT_CONVERSION = YES_AGGRESSIVE;
				CLANG_CXX_LANGUAGE_STANDARD = "gnu++20";
				CLANG_ENABLE_MODULES = YES;
				CLANG_ENABLE_OBJC_ARC = YES;
				CLANG_ENABLE_OBJC_WEAK = YES;
				CLANG_WARN_BLOCK_CAPTURE_AUTORELEASING = YES;
				CLANG_WARN_BOOL_CONVERSION = YES;
				CLANG_WARN_COMMA = YES;
				CLANG_WARN_CONSTANT_CONVERSION = YES;
				CLANG_WARN_DEPRECATED_OBJC_IMPLEMENTATIONS = YES;
				CLANG_WARN_DIRECT_OBJC_ISA_USAGE = YES_ERROR;
				CLANG_WARN_DOCUMENTATION_COMMENTS = YES;
				CLANG_WARN_EMPTY_BODY = YES;
				CLANG_WARN_ENUM_CONVERSION = YES;
				CLANG_WARN_INFINITE_RECURSION = YES;
				CLANG_WARN_INT_CONVERSION = YES;
				CLANG_WARN_NON_LITERAL_NULL_CONVERSION = YES;
				CLANG_WARN_OBJC_IMPLICIT_RETAIN_SELF = YES;
				CLANG_WARN_OBJC_LITERAL_CONVERSION = YES;
				CLANG_WARN_OBJC_ROOT_CLASS = YES_ERROR;
				CLANG_WARN_QUOTED_INCLUDE_IN_FRAMEWORK_HEADER = YES;
				CLANG_WARN_RANGE_LOOP_ANALYSIS = YES;
				CLANG_WARN_STRICT_PROTOTYPES = YES;
				CLANG_WARN_SUSPICIOUS_MOVE = YES;
				CLANG_WARN_UNGUARDED_AVAILABILITY = YES_AGGRESSIVE;
				CLANG_WARN_UNREACHABLE_CODE = YES;
				CLANG_WARN__DUPLICATE_METHOD_MATCH = YES;
				COPY_PHASE_STRIP = NO;
				DEBUG_INFORMATION_FORMAT = dwarf;
				ENABLE_STRICT_OBJC_MSGSEND = YES;
				ENABLE_TESTABILITY = YES;
				ENABLE_USER_SCRIPT_SANDBOXING = YES;
				GCC_C_LANGUAGE_STANDARD = gnu17;
				GCC_DYNAMIC_NO_PIC = NO;
				GCC_NO_COMMON_BLOCKS = YES;
				GCC_OPTIMIZATION_LEVEL = 0;
				GCC_PREPROCESSOR_DEFINITIONS = (
					"DEBUG=1",
					"$(inherited)",
				);
				GCC_WARN_64_TO_32_BIT_CONVERSION = YES;
				GCC_WARN_ABOUT_RETURN_TYPE = YES_ERROR;
				GCC_WARN_UNDECLARED_SELECTOR = YES;
				GCC_WARN_UNINITIALIZED_AUTOS = YES_AGGRESSIVE;
				GCC_WARN_UNUSED_FUNCTION = YES;
				GCC_WARN_UNUSED_VARIABLE = YES;
				LOCALIZATION_PREFERS_STRING_CATALOGS = YES;
				MACOSX_DEPLOYMENT_TARGET = 14.5;
				MTL_ENABLE_DEBUG_INFO = INCLUDE_SOURCE;
				MTL_FAST_MATH = YES;
				ONLY_ACTIVE_ARCH = YES;
				SDKROOT = macosx;
				SWIFT_ACTIVE_COMPILATION_CONDITIONS = "DEBUG $(inherited)";
				SWIFT_OPTIMIZATION_LEVEL = "-Onone";
			};
			name = Debug;
		};
		1A80CE2A2C807E02005DF806 /* Release */ = {
			isa = XCBuildConfiguration;
			buildSettings = {
				ALWAYS_SEARCH_USER_PATHS = NO;
				ASSETCATALOG_COMPILER_GENERATE_SWIFT_ASSET_SYMBOL_EXTENSIONS = YES;
				CLANG_ANALYZER_NONNULL = YES;
				CLANG_ANALYZER_NUMBER_OBJECT_CONVERSION = YES_AGGRESSIVE;
				CLANG_CXX_LANGUAGE_STANDARD = "gnu++20";
				CLANG_ENABLE_MODULES = YES;
				CLANG_ENABLE_OBJC_ARC = YES;
				CLANG_ENABLE_OBJC_WEAK = YES;
				CLANG_WARN_BLOCK_CAPTURE_AUTORELEASING = YES;
				CLANG_WARN_BOOL_CONVERSION = YES;
				CLANG_WARN_COMMA = YES;
				CLANG_WARN_CONSTANT_CONVERSION = YES;
				CLANG_WARN_DEPRECATED_OBJC_IMPLEMENTATIONS = YES;
				CLANG_WARN_DIRECT_OBJC_ISA_USAGE = YES_ERROR;
				CLANG_WARN_DOCUMENTATION_COMMENTS = YES;
				CLANG_WARN_EMPTY_BODY = YES;
				CLANG_WARN_ENUM_CONVERSION = YES;
				CLANG_WARN_INFINITE_RECURSION = YES;
				CLANG_WARN_INT_CONVERSION = YES;
				CLANG_WARN_NON_LITERAL_NULL_CONVERSION = YES;
				CLANG_WARN_OBJC_IMPLICIT_RETAIN_SELF = YES;
				CLANG_WARN_OBJC_LITERAL_CONVERSION = YES;
				CLANG_WARN_OBJC_ROOT_CLASS = YES_ERROR;
				CLANG_WARN_QUOTED_INCLUDE_IN_FRAMEWORK_HEADER = YES;
				CLANG_WARN_RANGE_LOOP_ANALYSIS = YES;
				CLANG_WARN_STRICT_PROTOTYPES = YES;
				CLANG_WARN_SUSPICIOUS_MOVE = YES;
				CLANG_WARN_UNGUARDED_AVAILABILITY = YES_AGGRESSIVE;
				CLANG_WARN_UNREACHABLE_CODE = YES;
				CLANG_WARN__DUPLICATE_METHOD_MATCH = YES;
				COPY_PHASE_STRIP = NO;
				DEBUG_INFORMATION_FORMAT = "dwarf-with-dsym";
				ENABLE_NS_ASSERTIONS = NO;
				ENABLE_STRICT_OBJC_MSGSEND = YES;
				ENABLE_USER_SCRIPT_SANDBOXING = YES;
				GCC_C_LANGUAGE_STANDARD = gnu17;
				GCC_NO_COMMON_BLOCKS = YES;
				GCC_WARN_64_TO_32_BIT_CONVERSION = YES;
				GCC_WARN_ABOUT_RETURN_TYPE = YES_ERROR;
				GCC_WARN_UNDECLARED_SELECTOR = YES;
				GCC_WARN_UNINITIALIZED_AUTOS = YES_AGGRESSIVE;
				GCC_WARN_UNUSED_FUNCTION = YES;
				GCC_WARN_UNUSED_VARIABLE = YES;
				LOCALIZATION_PREFERS_STRING_CATALOGS = YES;
				MACOSX_DEPLOYMENT_TARGET = 14.5;
				MTL_ENABLE_DEBUG_INFO = NO;
				MTL_FAST_MATH = YES;
				SDKROOT = macosx;
				SWIFT_COMPILATION_MODE = wholemodule;
			};
			name = Release;
		};
		1A80CE2C2C807E02005DF806 /* Debug */ = {
			isa = XCBuildConfiguration;
			buildSettings = {
				ASSETCATALOG_COMPILER_APPICON_NAME = AppIcon;
				ASSETCATALOG_COMPILER_GLOBAL_ACCENT_COLOR_NAME = AccentColor;
				CODE_SIGN_ENTITLEMENTS = MakeGUI/MakeGUI.entitlements;
				CODE_SIGN_STYLE = Automatic;
				COMBINE_HIDPI_IMAGES = YES;
				CURRENT_PROJECT_VERSION = 1;
				DEVELOPMENT_ASSET_PATHS = "\"MakeGUI/Preview Content\"";
				ENABLE_PREVIEWS = YES;
				GENERATE_INFOPLIST_FILE = YES;
				INFOPLIST_FILE = MakeGUI/Info.plist;
				INFOPLIST_KEY_NSHumanReadableCopyright = "";
				LD_RUNPATH_SEARCH_PATHS = (
					"$(inherited)",
					"@executable_path/../Frameworks",
				);
				MARKETING_VERSION = 1.0;
				PRODUCT_BUNDLE_IDENTIFIER = com.danielmcorp.MakeGUI;
				PRODUCT_NAME = "$(TARGET_NAME)";
				SWIFT_EMIT_LOC_STRINGS = YES;
				SWIFT_VERSION = 5.0;
			};
			name = Debug;
		};
		1A80CE2D2C807E02005DF806 /* Release */ = {
			isa = XCBuildConfiguration;
			buildSettings = {
				ASSETCATALOG_COMPILER_APPICON_NAME = AppIcon;
				ASSETCATALOG_COMPILER_GLOBAL_ACCENT_COLOR_NAME = AccentColor;
				CODE_SIGN_ENTITLEMENTS = MakeGUI/MakeGUI.entitlements;
				CODE_SIGN_STYLE = Automatic;
				COMBINE_HIDPI_IMAGES = YES;
				CURRENT_PROJECT_VERSION = 1;
				DEVELOPMENT_ASSET_PATHS = "\"MakeGUI/Preview Content\"";
				ENABLE_PREVIEWS = YES;
				GENERATE_INFOPLIST_FILE = YES;
				INFOPLIST_FILE = MakeGUI/Info.plist;
				INFOPLIST_KEY_NSHumanReadableCopyright = "";
				LD_RUNPATH_SEARCH_PATHS = (
					"$(inherited)",
					"@executable_path/../Frameworks",
				);
				MARKETING_VERSION = 1.0;
				PRODUCT_BUNDLE_IDENTIFIER = com.danielmcorp.MakeGUI;
				PRODUCT_NAME = "$(TARGET_NAME)";
				SWIFT_EMIT_LOC_STRINGS = YES;
				SWIFT_VERSION = 5.0;
			};
			name = Release;
		};
		1A80CE2F2C807E02005DF806 /* Debug */ = {
			isa = XCBuildConfiguration;
			buildSettings = {
				ALWAYS_EMBED_SWIFT_STANDARD_LIBRARIES = YES;
				BUNDLE_LOADER = "$(TEST_HOST)";
				CODE_SIGN_STYLE = Automatic;
				CURRENT_PROJECT_VERSION = 1;
				GENERATE_INFOPLIST_FILE = YES;
				MACOSX_DEPLOYMENT_TARGET = 14.5;
				MARKETING_VERSION = 1.0;
				PRODUCT_BUNDLE_IDENTIFIER = com.danielmcorp.MakeGUITests;
				PRODUCT_NAME = "$(TARGET_NAME)";
				SWIFT_EMIT_LOC_STRINGS = NO;
				SWIFT_VERSION = 5.0;
				TEST_HOST = "$(BUILT_PRODUCTS_DIR)/MakeGUI.app/$(BUNDLE_EXECUTABLE_FOLDER_PATH)/MakeGUI";
			};
			name = Debug;
		};
		1A80CE302C807E02005DF806 /* Release */ = {
			isa = XCBuildConfiguration;
			buildSettings = {
				ALWAYS_EMBED_SWIFT_STANDARD_LIBRARIES = YES;
				BUNDLE_LOADER = "$(TEST_HOST)";
				CODE_SIGN_STYLE = Automatic;
				CURRENT_PROJECT_VERSION = 1;
				GENERATE_INFOPLIST_FILE = YES;
				MACOSX_DEPLOYMENT_TARGET = 14.5;
				MARKETING_VERSION = 1.0;
				PRODUCT_BUNDLE_IDENTIFIER = com.danielmcorp.MakeGUITests;
				PRODUCT_NAME = "$(TARGET_NAME)";
				SWIFT_EMIT_LOC_STRINGS = NO;
				SWIFT_VERSION = 5.0;
				TEST_HOST = "$(BUILT_PRODUCTS_DIR)/MakeGUI.app/$(BUNDLE_EXECUTABLE_FOLDER_PATH)/MakeGUI";
			};
			name = Release;
		};
		1A80CE322C807E02005DF806 /* Debug */ = {
			isa = XCBuildConfiguration;
			buildSettings = {
				ALWAYS_EMBED_SWIFT_STANDARD_LIBRARIES = YES;
				CODE_SIGN_STYLE = Automatic;
				CURRENT_PROJECT_VERSION = 1;
				GENERATE_INFOPLIST_FILE = YES;
				MARKETING_VERSION = 1.0;
				PRODUCT_BUNDLE_IDENTIFIER = com.danielmcorp.MakeGUIUITests;
				PRODUCT_NAME = "$(TARGET_NAME)";
				SWIFT_EMIT_LOC_STRINGS = NO;
				SWIFT_VERSION = 5.0;
				TEST_TARGET_NAME = MakeGUI;
			};
			name = Debug;
		};
		1A80CE332C807E02005DF806 /* Release */ = {
			isa = XCBuildConfiguration;
			buildSettings = {
				ALWAYS_EMBED_SWIFT_STANDARD_LIBRARIES = YES;
				CODE_SIGN_STYLE = Automatic;
				CURRENT_PROJECT_VERSION = 1;
				GENERATE_INFOPLIST_FILE = YES;
				MARKETING_VERSION = 1.0;
				PRODUCT_BUNDLE_IDENTIFIER = com.danielmcorp.MakeGUIUITests;
				PRODUCT_NAME = "$(TARGET_NAME)";
				SWIFT_EMIT_LOC_STRINGS = NO;
				SWIFT_VERSION = 5.0;
				TEST_TARGET_NAME = MakeGUI;
			};
			name = Release;
		};
/* End XCBuildConfiguration section */

/* Begin XCConfigurationList section */
		1A80CE012C807DFB005DF806 /* Build configuration list for PBXProject "MakeGUI" */ = {
			isa = XCConfigurationList;
			buildConfigurations = (
				1A80CE292C807E02005DF806 /* Debug */,
				1A80CE2A2C807E02005DF806 /* Release */,
			);
			defaultConfigurationIsVisible = 0;
			defaultConfigurationName = Release;
		};
		1A80CE2B2C807E02005DF806 /* Build configuration list for PBXNativeTarget "MakeGUI" */ = {
			isa = XCConfigurationList;
			buildConfigurations = (
				1A80CE2C2C807E02005DF806 /* Debug */,
				1A80CE2D2C807E02005DF806 /* Release */,
			);
			defaultConfigurationIsVisible = 0;
			defaultConfigurationName = Release;
		};
		1A80CE2E2C807E02005DF806 /* Build configuration list for PBXNativeTarget "MakeGUITests" */ = {
			isa = XCConfigurationList;
			buildConfigurations = (
				1A80CE2F2C807E02005DF806 /* Debug */,
				1A80CE302C807E02005DF806 /* Release */,
			);
			defaultConfigurationIsVisible = 0;
			defaultConfigurationName = Release;
		};
		1A80CE312C807E02005DF806 /* Build configuration list for PBXNativeTarget "MakeGUIUITests" */ = {
			isa = XCConfigurationList;
			buildConfigurations = (
				1A80CE322C807E02005DF806 /* Debug */,
				1A80CE332C807E02005DF806 /* Release */,
			);
			defaultConfigurationIsVisible = 0;
			defaultConfigurationName = Release;
		};
/* End XCConfigurationList section */
	};
	rootObject = 1A80CDFE2C807DFB005DF806 /* Project object */;
}
